{
    "_meta": {
        "hash": {
            "sha256": "3a3f885430631097b0a4a1a7d247895199d570861b324e70aeb74dc5ec2baae5"
        },
        "pipfile-spec": 6,
        "requires": {
            "python_version": "3.7"
        },
        "sources": [
            {
                "name": "pypi",
                "url": "https://pypi.org/simple",
                "verify_ssl": true
            }
        ]
    },
    "default": {
        "dls-edm": {
            "editable": true,
            "path": "."
        }
    },
    "develop": {
        "dls-edm": {
            "editable": true,
            "path": "."
        }
    }
}
